
Microsoft Visual Studio Solution File, Format Version 12.00
# Visual Studio Version 17
VisualStudioVersion = 17.6.33723.286
MinimumVisualStudioVersion = 10.0.40219.1
Project("{FAE04EC0-301F-11D3-BF4B-00C04F79EFBC}") = "Async_Prog", "Async_Prog\Async_Prog.csproj", "{BB1E5FD6-A1CF-4038-ADFC-76C16B401246}"
EndProject
Global
	GlobalSection(SolutionConfigurationPlatforms) = preSolution
		Debug|Any CPU = Debug|Any CPU
		Release|Any CPU = Release|Any CPU
	EndGlobalSection
	GlobalSection(ProjectConfigurationPlatforms) = postSolution
		{BB1E5FD6-A1CF-4038-ADFC-76C16B401246}.Debug|Any CPU.ActiveCfg = Debug|Any CPU
		{BB1E5FD6-A1CF-4038-ADFC-76C16B401246}.Debug|Any CPU.Build.0 = Debug|Any CPU
		{BB1E5FD6-A1CF-4038-ADFC-76C16B401246}.Release|Any CPU.ActiveCfg = Release|Any CPU
		{BB1E5FD6-A1CF-4038-ADFC-76C16B401246}.Release|Any CPU.Build.0 = Release|Any CPU
	EndGlobalSection
	GlobalSection(SolutionProperties) = preSolution
		HideSolutionNode = FALSE
	EndGlobalSection
	GlobalSection(ExtensibilityGlobals) = postSolution
		SolutionGuid = {88579519-4E5F-4E56-9FC2-4C4162B44E24}
	EndGlobalSection
EndGlobal
